
Microsoft Visual Studio Solution File, Format Version 12.00
# Visual Studio Version 17
VisualStudioVersion = 17.6.33927.249
MinimumVisualStudioVersion = 10.0.40219.1
Project("{FAE04EC0-301F-11D3-BF4B-00C04F79EFBC}") = "ASHCodeTest1.API", "ASHCodeTest1\ASHCodeTest1.API.csproj", "{DCB2C79C-D020-4AD1-AE0F-C787591738AD}"
EndProject
Project("{2150E333-8FDC-42A3-9474-1A3956D46DE8}") = "Services", "Services", "{DD78456F-E9C0-4CB2-B2AC-C256A9B08A2E}"
EndProject
Project("{2150E333-8FDC-42A3-9474-1A3956D46DE8}") = "Repositories", "Repositories", "{BF5425CF-D4D7-4F6F-9FF8-615DC187D7A2}"
EndProject
Project("{2150E333-8FDC-42A3-9474-1A3956D46DE8}") = "Tests", "Tests", "{28F46A07-B9CB-4F77-B474-FD2BBA71EB46}"
EndProject
Project("{2150E333-8FDC-42A3-9474-1A3956D46DE8}") = "UnitTests", "UnitTests", "{D7265FC7-F7A4-43B4-A1DB-1623FC4F2079}"
EndProject
Project("{2150E333-8FDC-42A3-9474-1A3956D46DE8}") = "IntegrationTests", "IntegrationTests", "{7DE8AD5A-9CFE-4A69-9F1E-7A18A82DEAA4}"
EndProject
Project("{FAE04EC0-301F-11D3-BF4B-00C04F79EFBC}") = "ASHCodeTest1.API.Tests", "ASHCodeTest1.API.Tests\ASHCodeTest1.API.Tests.csproj", "{FA74AA7A-B5CC-4125-93CC-2D3336BF6201}"
EndProject
Project("{FAE04EC0-301F-11D3-BF4B-00C04F79EFBC}") = "ASH.CodeTest.Services", "ASH.CodeTest.Services\ASH.CodeTest.Services.csproj", "{064EFB81-A264-4E78-A260-9CC0C4237417}"
EndProject
Project("{FAE04EC0-301F-11D3-BF4B-00C04F79EFBC}") = "ASH.CodeTest.Services.Tests", "ASH.CodeTest.Services.Tests\ASH.CodeTest.Services.Tests.csproj", "{F0227621-EE81-45F1-BB7D-15AA2FF9437B}"
EndProject
Project("{2150E333-8FDC-42A3-9474-1A3956D46DE8}") = "ExternalApiRepositories", "ExternalApiRepositories", "{C06DE7EB-7F42-41AD-AF00-7FA7AE74D085}"
EndProject
Project("{2150E333-8FDC-42A3-9474-1A3956D46DE8}") = "DatabaseRepositories", "DatabaseRepositories", "{35003D1E-FD58-4A39-8B51-691BD195D579}"
EndProject
Project("{FAE04EC0-301F-11D3-BF4B-00C04F79EFBC}") = "ASH.CodeTest.Common", "ASH.CodeTest.Common\ASH.CodeTest.Common.csproj", "{A718949F-DA37-4B8D-B4A9-B561BA8B22A5}"
EndProject
Global
	GlobalSection(SolutionConfigurationPlatforms) = preSolution
		Debug|Any CPU = Debug|Any CPU
		Release|Any CPU = Release|Any CPU
	EndGlobalSection
	GlobalSection(ProjectConfigurationPlatforms) = postSolution
		{DCB2C79C-D020-4AD1-AE0F-C787591738AD}.Debug|Any CPU.ActiveCfg = Debug|Any CPU
		{DCB2C79C-D020-4AD1-AE0F-C787591738AD}.Debug|Any CPU.Build.0 = Debug|Any CPU
		{DCB2C79C-D020-4AD1-AE0F-C787591738AD}.Release|Any CPU.ActiveCfg = Release|Any CPU
		{DCB2C79C-D020-4AD1-AE0F-C787591738AD}.Release|Any CPU.Build.0 = Release|Any CPU
		{FA74AA7A-B5CC-4125-93CC-2D3336BF6201}.Debug|Any CPU.ActiveCfg = Debug|Any CPU
		{FA74AA7A-B5CC-4125-93CC-2D3336BF6201}.Debug|Any CPU.Build.0 = Debug|Any CPU
		{FA74AA7A-B5CC-4125-93CC-2D3336BF6201}.Release|Any CPU.ActiveCfg = Release|Any CPU
		{FA74AA7A-B5CC-4125-93CC-2D3336BF6201}.Release|Any CPU.Build.0 = Release|Any CPU
		{064EFB81-A264-4E78-A260-9CC0C4237417}.Debug|Any CPU.ActiveCfg = Debug|Any CPU
		{064EFB81-A264-4E78-A260-9CC0C4237417}.Debug|Any CPU.Build.0 = Debug|Any CPU
		{064EFB81-A264-4E78-A260-9CC0C4237417}.Release|Any CPU.ActiveCfg = Release|Any CPU
		{064EFB81-A264-4E78-A260-9CC0C4237417}.Release|Any CPU.Build.0 = Release|Any CPU
		{F0227621-EE81-45F1-BB7D-15AA2FF9437B}.Debug|Any CPU.ActiveCfg = Debug|Any CPU
		{F0227621-EE81-45F1-BB7D-15AA2FF9437B}.Debug|Any CPU.Build.0 = Debug|Any CPU
		{F0227621-EE81-45F1-BB7D-15AA2FF9437B}.Release|Any CPU.ActiveCfg = Release|Any CPU
		{F0227621-EE81-45F1-BB7D-15AA2FF9437B}.Release|Any CPU.Build.0 = Release|Any CPU
		{A718949F-DA37-4B8D-B4A9-B561BA8B22A5}.Debug|Any CPU.ActiveCfg = Debug|Any CPU
		{A718949F-DA37-4B8D-B4A9-B561BA8B22A5}.Debug|Any CPU.Build.0 = Debug|Any CPU
		{A718949F-DA37-4B8D-B4A9-B561BA8B22A5}.Release|Any CPU.ActiveCfg = Release|Any CPU
		{A718949F-DA37-4B8D-B4A9-B561BA8B22A5}.Release|Any CPU.Build.0 = Release|Any CPU
	EndGlobalSection
	GlobalSection(SolutionProperties) = preSolution
		HideSolutionNode = FALSE
	EndGlobalSection
	GlobalSection(NestedProjects) = preSolution
		{D7265FC7-F7A4-43B4-A1DB-1623FC4F2079} = {28F46A07-B9CB-4F77-B474-FD2BBA71EB46}
		{7DE8AD5A-9CFE-4A69-9F1E-7A18A82DEAA4} = {28F46A07-B9CB-4F77-B474-FD2BBA71EB46}
		{FA74AA7A-B5CC-4125-93CC-2D3336BF6201} = {D7265FC7-F7A4-43B4-A1DB-1623FC4F2079}
		{064EFB81-A264-4E78-A260-9CC0C4237417} = {DD78456F-E9C0-4CB2-B2AC-C256A9B08A2E}
		{F0227621-EE81-45F1-BB7D-15AA2FF9437B} = {D7265FC7-F7A4-43B4-A1DB-1623FC4F2079}
		{C06DE7EB-7F42-41AD-AF00-7FA7AE74D085} = {BF5425CF-D4D7-4F6F-9FF8-615DC187D7A2}
		{35003D1E-FD58-4A39-8B51-691BD195D579} = {BF5425CF-D4D7-4F6F-9FF8-615DC187D7A2}
	EndGlobalSection
	GlobalSection(ExtensibilityGlobals) = postSolution
		SolutionGuid = {2695B67F-9F11-4BEB-8307-38B4B66D6F88}
	EndGlobalSection
EndGlobal
