
Microsoft Visual Studio Solution File, Format Version 12.00
# Visual Studio Version 17
VisualStudioVersion = 17.6.33927.249
MinimumVisualStudioVersion = 10.0.40219.1
Project("{FAE04EC0-301F-11D3-BF4B-00C04F79EFBC}") = "ASHCodeTest1", "ASHCodeTest1\ASHCodeTest1.csproj", "{DCB2C79C-D020-4AD1-AE0F-C787591738AD}"
EndProject
Global
	GlobalSection(SolutionConfigurationPlatforms) = preSolution
		Debug|Any CPU = Debug|Any CPU
		Release|Any CPU = Release|Any CPU
	EndGlobalSection
	GlobalSection(ProjectConfigurationPlatforms) = postSolution
		{DCB2C79C-D020-4AD1-AE0F-C787591738AD}.Debug|Any CPU.ActiveCfg = Debug|Any CPU
		{DCB2C79C-D020-4AD1-AE0F-C787591738AD}.Debug|Any CPU.Build.0 = Debug|Any CPU
		{DCB2C79C-D020-4AD1-AE0F-C787591738AD}.Release|Any CPU.ActiveCfg = Release|Any CPU
		{DCB2C79C-D020-4AD1-AE0F-C787591738AD}.Release|Any CPU.Build.0 = Release|Any CPU
	EndGlobalSection
	GlobalSection(SolutionProperties) = preSolution
		HideSolutionNode = FALSE
	EndGlobalSection
	GlobalSection(ExtensibilityGlobals) = postSolution
		SolutionGuid = {2695B67F-9F11-4BEB-8307-38B4B66D6F88}
	EndGlobalSection
EndGlobal
